{
  "nodes": {
    "anyrun": {
      "inputs": {
        "flake-parts": "flake-parts",
        "nixpkgs": [
          "nixpkgs"
        ],
        "systems": "systems"
      },
      "locked": {
        "lastModified": 1717576207,
        "narHash": "sha256-LU6d1xX7jN1zt10YU7Oym07MtzVfziSmUEznGFdbuaw=",
        "owner": "Kirottu",
        "repo": "anyrun",
        "rev": "7aabad8d5bb7d1bffae903ce86427b888ab824b4",
        "type": "github"
      },
      "original": {
        "owner": "Kirottu",
        "repo": "anyrun",
        "type": "github"
      }
    },
    "firefox-addons": {
      "inputs": {
        "flake-utils": "flake-utils",
        "nixpkgs": [
          "nixpkgs"
        ]
      },
      "locked": {
        "dir": "pkgs/firefox-addons",
        "lastModified": 1720843397,
        "narHash": "sha256-duN3KAtcdxfxAkIOToz9h842OQeOy9XFRSlEVzL5Jhw=",
        "owner": "rycee",
        "repo": "nur-expressions",
        "rev": "c69eb4e8e18829a8180783f744ef47557414bea1",
        "type": "gitlab"
      },
      "original": {
        "dir": "pkgs/firefox-addons",
        "owner": "rycee",
        "repo": "nur-expressions",
        "type": "gitlab"
      }
    },
    "flake-parts": {
      "inputs": {
        "nixpkgs-lib": [
          "anyrun",
          "nixpkgs"
        ]
      },
      "locked": {
        "lastModified": 1717285511,
        "narHash": "sha256-iKzJcpdXih14qYVcZ9QC9XuZYnPc6T8YImb6dX166kw=",
        "owner": "hercules-ci",
        "repo": "flake-parts",
        "rev": "2a55567fcf15b1b1c7ed712a2c6fadaec7412ea8",
        "type": "github"
      },
      "original": {
        "owner": "hercules-ci",
        "repo": "flake-parts",
        "type": "github"
      }
    },
    "flake-utils": {
      "locked": {
        "lastModified": 1629284811,
        "narHash": "sha256-JHgasjPR0/J1J3DRm4KxM4zTyAj4IOJY8vIl75v/kPI=",
        "owner": "numtide",
        "repo": "flake-utils",
        "rev": "c5d161cc0af116a2e17f54316f0bf43f0819785c",
        "type": "github"
      },
      "original": {
        "owner": "numtide",
        "repo": "flake-utils",
        "type": "github"
      }
    },
    "home-manager": {
      "inputs": {
        "nixpkgs": [
          "nixpkgs"
        ]
      },
      "locked": {
        "lastModified": 1720734513,
        "narHash": "sha256-neWQ8eNtLTd+YMesb7WjKl1SVCbDyCm46LUgP/g/hdo=",
        "owner": "nix-community",
        "repo": "home-manager",
        "rev": "90ae324e2c56af10f20549ab72014804a3064c7f",
        "type": "github"
      },
      "original": {
        "owner": "nix-community",
        "ref": "master",
        "repo": "home-manager",
        "type": "github"
      }
    },
    "hypr-contrib": {
      "inputs": {
        "nixpkgs": "nixpkgs"
      },
      "locked": {
        "lastModified": 1720709712,
        "narHash": "sha256-78j/cY+AXoMIqqiNc1vWx237EPfpERAcYsb57ABUbwQ=",
        "owner": "hyprwm",
        "repo": "contrib",
        "rev": "65d42dcbfde2229a75ccdb195c318dfe241f9ade",
        "type": "github"
      },
      "original": {
        "owner": "hyprwm",
        "repo": "contrib",
        "type": "github"
      }
    },
    "nixos-hardware": {
      "locked": {
        "lastModified": 1720737798,
        "narHash": "sha256-G/OtEAts7ZUvW5lrGMXSb8HqRp2Jr9I7reBuvCOL54w=",
        "owner": "nixos",
        "repo": "nixos-hardware",
        "rev": "c5013aa7ce2c7ec90acee5d965d950c8348db751",
        "type": "github"
      },
      "original": {
        "owner": "nixos",
        "repo": "nixos-hardware",
        "type": "github"
      }
    },
    "nixpkgs": {
      "locked": {
        "lastModified": 1712163089,
        "narHash": "sha256-Um+8kTIrC19vD4/lUCN9/cU9kcOsD1O1m+axJqQPyMM=",
        "owner": "NixOS",
        "repo": "nixpkgs",
        "rev": "fd281bd6b7d3e32ddfa399853946f782553163b5",
        "type": "github"
      },
      "original": {
        "owner": "NixOS",
        "ref": "nixos-unstable",
        "repo": "nixpkgs",
        "type": "github"
      }
    },
    "nixpkgs_2": {
      "locked": {
        "lastModified": 1720768451,
        "narHash": "sha256-EYekUHJE2gxeo2pM/zM9Wlqw1Uw2XTJXOSAO79ksc4Y=",
        "owner": "NixOS",
        "repo": "nixpkgs",
        "rev": "7e7c39ea35c5cdd002cd4588b03a3fb9ece6fad9",
        "type": "github"
      },
      "original": {
        "id": "nixpkgs",
        "ref": "nixos-unstable",
        "type": "indirect"
      }
    },
    "root": {
      "inputs": {
        "anyrun": "anyrun",
        "firefox-addons": "firefox-addons",
        "home-manager": "home-manager",
        "hypr-contrib": "hypr-contrib",
        "nixos-hardware": "nixos-hardware",
        "nixpkgs": "nixpkgs_2"
      }
    },
    "systems": {
      "locked": {
        "lastModified": 1689347949,
        "narHash": "sha256-12tWmuL2zgBgZkdoB6qXZsgJEH9LR3oUgpaQq2RbI80=",
        "owner": "nix-systems",
        "repo": "default-linux",
        "rev": "31732fcf5e8fea42e59c2488ad31a0e651500f68",
        "type": "github"
      },
      "original": {
        "owner": "nix-systems",
        "repo": "default-linux",
        "type": "github"
      }
    }
  },
  "root": "root",
  "version": 7
}
